
Microsoft Visual Studio Solution File, Format Version 12.00
# Visual Studio Version 16
VisualStudioVersion = 16.0.31702.278
MinimumVisualStudioVersion = 10.0.40219.1
Project("{FAE04EC0-301F-11D3-BF4B-00C04F79EFBC}") = "Test.API", "Test.API\Test.API.csproj", "{D697DED5-2E4F-46B2-8BDF-76244A1FF430}"
EndProject
Project("{FAE04EC0-301F-11D3-BF4B-00C04F79EFBC}") = "MovieTests", "MovieTests\MovieTests.csproj", "{F54BB967-1707-4C01-9EF5-B3E549CB4DA3}"
EndProject
Global
	GlobalSection(SolutionConfigurationPlatforms) = preSolution
		Debug|Any CPU = Debug|Any CPU
		Release|Any CPU = Release|Any CPU
	EndGlobalSection
	GlobalSection(ProjectConfigurationPlatforms) = postSolution
		{D697DED5-2E4F-46B2-8BDF-76244A1FF430}.Debug|Any CPU.ActiveCfg = Debug|Any CPU
		{D697DED5-2E4F-46B2-8BDF-76244A1FF430}.Debug|Any CPU.Build.0 = Debug|Any CPU
		{D697DED5-2E4F-46B2-8BDF-76244A1FF430}.Release|Any CPU.ActiveCfg = Release|Any CPU
		{D697DED5-2E4F-46B2-8BDF-76244A1FF430}.Release|Any CPU.Build.0 = Release|Any CPU
		{F54BB967-1707-4C01-9EF5-B3E549CB4DA3}.Debug|Any CPU.ActiveCfg = Debug|Any CPU
		{F54BB967-1707-4C01-9EF5-B3E549CB4DA3}.Debug|Any CPU.Build.0 = Debug|Any CPU
		{F54BB967-1707-4C01-9EF5-B3E549CB4DA3}.Release|Any CPU.ActiveCfg = Release|Any CPU
		{F54BB967-1707-4C01-9EF5-B3E549CB4DA3}.Release|Any CPU.Build.0 = Release|Any CPU
	EndGlobalSection
	GlobalSection(SolutionProperties) = preSolution
		HideSolutionNode = FALSE
	EndGlobalSection
	GlobalSection(ExtensibilityGlobals) = postSolution
		SolutionGuid = {8AC198B9-A87D-4E75-A86D-7E4CD80BF048}
	EndGlobalSection
EndGlobal
